github.com/akavel/rsrc v0.8.0 h1:zjWn7ukO9Kc5Q62DOJCcxGpXC18RawVtYAGdz2aLlfw=
github.com/akavel/rsrc v0.8.0/go.mod h1:uLoCtb9J+EyAqh+26kdrTgmzRBFPGOolLWKpdxkKq+c=
github.com/josephspurrier/goversioninfo v0.0.0-20190209210621-63e6d1acd3dd h1:KikNiFwUO3QLyeKyN4k9yBH9Pcu/gU/yficWi61cJIw=
github.com/josephspurrier/goversioninfo v0.0.0-20190209210621-63e6d1acd3dd/go.mod h1:eJTEwMjXb7kZ633hO3Ln9mBUCOjX2+FlTljvpl9SYdE=
github.com/logrusorgru/aurora v0.0.0-20200102142835-e9ef32dff381 h1:bqDmpDG49ZRnB5PcgP0RXtQvnMSgIF14M7CBd2shtXs=
github.com/logrusorgru/aurora v0.0.0-20200102142835-e9ef32dff381/go.mod h1:7rIyQOR62GCctdiQpZ/zOJlFyk6y+94wXzv6RNZgaR4=
github.com/mna/pigeon v1.0.0 h1:n46IoStjdzjaXuyBH53j9HZ8CVqGWpC7P5/v8dP4qEY=
github.com/mna/pigeon v1.0.0/go.mod h1:Iym28+kJVnC1hfQvv5MUtI6AiFFzvQjHcvI4RFTG/04=
